// !$*UTF8*$!
{
	archiveVersion = 1;
	classes = {
	};
	objectVersion = 48;
	objects = {

/* Begin PBXBuildFile section */
		DC0EDE2320EFA82C00059DEE /* AppDelegate.swift in Sources */ = {isa = PBXBuildFile; fileRef = DC0EDE2220EFA82C00059DEE /* AppDelegate.swift */; };
		DC0EDE2520EFA82C00059DEE /* ViewController.swift in Sources */ = {isa = PBXBuildFile; fileRef = DC0EDE2420EFA82C00059DEE /* ViewController.swift */; };
		DC0EDE2820EFA82C00059DEE /* Main.storyboard in Resources */ = {isa = PBXBuildFile; fileRef = DC0EDE2620EFA82C00059DEE /* Main.storyboard */; };
		DC0EDE2A20EFA82C00059DEE /* Assets.xcassets in Resources */ = {isa = PBXBuildFile; fileRef = DC0EDE2920EFA82C00059DEE /* Assets.xcassets */; };
		DC0EDE2D20EFA82C00059DEE /* LaunchScreen.storyboard in Resources */ = {isa = PBXBuildFile; fileRef = DC0EDE2B20EFA82C00059DEE /* LaunchScreen.storyboard */; };
/* End PBXBuildFile section */

/* Begin PBXFileReference section */
		DC0EDE1F20EFA82C00059DEE /* AsyncTaskPerformerDemo.app */ = {isa = PBXFileReference; explicitFileType = wrapper.application; includeInIndex = 0; path = AsyncTaskPerformerDemo.app; sourceTree = BUILT_PRODUCTS_DIR; };
		DC0EDE2220EFA82C00059DEE /* AppDelegate.swift */ = {isa = PBXFileReference; lastKnownFileType = sourcecode.swift; path = AppDelegate.swift; sourceTree = "<group>"; };
		DC0EDE2420EFA82C00059DEE /* ViewController.swift */ = {isa = PBXFileReference; lastKnownFileType = sourcecode.swift; path = ViewController.swift; sourceTree = "<group>"; };
		DC0EDE2720EFA82C00059DEE /* Base */ = {isa = PBXFileReference; lastKnownFileType = file.storyboard; name = Base; path = Base.lproj/Main.storyboard; sourceTree = "<group>"; };
		DC0EDE2920EFA82C00059DEE /* Assets.xcassets */ = {isa = PBXFileReference; lastKnownFileType = folder.assetcatalog; path = Assets.xcassets; sourceTree = "<group>"; };
		DC0EDE2C20EFA82C00059DEE /* Base */ = {isa = PBXFileReference; lastKnownFileType = file.storyboard; name = Base; path = Base.lproj/LaunchScreen.storyboard; sourceTree = "<group>"; };
		DC0EDE2E20EFA82C00059DEE /* Info.plist */ = {isa = PBXFileReference; lastKnownFileType = text.plist.xml; path = Info.plist; sourceTree = "<group>"; };
/* End PBXFileReference section */

/* Begin PBXFrameworksBuildPhase section */
		DC0EDE1C20EFA82C00059DEE /* Frameworks */ = {
			isa = PBXFrameworksBuildPhase;
			buildActionMask = 2147483647;
			files = (
			);
			runOnlyForDeploymentPostprocessing = 0;
		};
/* End PBXFrameworksBuildPhase section */

/* Begin PBXGroup section */
		DC0EDE1620EFA82C00059DEE = {
			isa = PBXGroup;
			children = (
				DC0EDE2120EFA82C00059DEE /* AsyncTaskPerformerDemo */,
				DC0EDE2020EFA82C00059DEE /* Products */,
			);
			sourceTree = "<group>";
		};
		DC0EDE2020EFA82C00059DEE /* Products */ = {
			isa = PBXGroup;
			children = (
				DC0EDE1F20EFA82C00059DEE /* AsyncTaskPerformerDemo.app */,
			);
			name = Products;
			sourceTree = "<group>";
		};
		DC0EDE2120EFA82C00059DEE /* AsyncTaskPerformerDemo */ = {
			isa = PBXGroup;
			children = (
				DC0EDE2220EFA82C00059DEE /* AppDelegate.swift */,
				DC0EDE2420EFA82C00059DEE /* ViewController.swift */,
				DC0EDE2620EFA82C00059DEE /* Main.storyboard */,
				DC0EDE2920EFA82C00059DEE /* Assets.xcassets */,
				DC0EDE2B20EFA82C00059DEE /* LaunchScreen.storyboard */,
				DC0EDE2E20EFA82C00059DEE /* Info.plist */,
			);
			path = AsyncTaskPerformerDemo;
			sourceTree = "<group>";
		};
/* End PBXGroup section */

/* Begin PBXNativeTarget section */
		DC0EDE1E20EFA82C00059DEE /* AsyncTaskPerformerDemo */ = {
			isa = PBXNativeTarget;
			buildConfigurationList = DC0EDE3120EFA82C00059DEE /* Build configuration list for PBXNativeTarget "AsyncTaskPerformerDemo" */;
			buildPhases = (
				DC0EDE1B20EFA82C00059DEE /* Sources */,
				DC0EDE1C20EFA82C00059DEE /* Frameworks */,
				DC0EDE1D20EFA82C00059DEE /* Resources */,
			);
			buildRules = (
			);
			dependencies = (
			);
			name = AsyncTaskPerformerDemo;
			productName = AsyncTaskPerformerDemo;
			productReference = DC0EDE1F20EFA82C00059DEE /* AsyncTaskPerformerDemo.app */;
			productType = "com.apple.product-type.application";
		};
/* End PBXNativeTarget section */

/* Begin PBXProject section */
		DC0EDE1720EFA82C00059DEE /* Project object */ = {
			isa = PBXProject;
			attributes = {
				LastSwiftUpdateCheck = 0920;
				LastUpgradeCheck = 0920;
				ORGANIZATIONNAME = "Harlan Kellaway";
				TargetAttributes = {
					DC0EDE1E20EFA82C00059DEE = {
						CreatedOnToolsVersion = 9.2;
						ProvisioningStyle = Automatic;
					};
				};
			};
			buildConfigurationList = DC0EDE1A20EFA82C00059DEE /* Build configuration list for PBXProject "AsyncTaskPerformerDemo" */;
			compatibilityVersion = "Xcode 8.0";
			developmentRegion = en;
			hasScannedForEncodings = 0;
			knownRegions = (
				en,
				Base,
			);
			mainGroup = DC0EDE1620EFA82C00059DEE;
			productRefGroup = DC0EDE2020EFA82C00059DEE /* Products */;
			projectDirPath = "";
			projectRoot = "";
			targets = (
				DC0EDE1E20EFA82C00059DEE /* AsyncTaskPerformerDemo */,
			);
		};
/* End PBXProject section */

/* Begin PBXResourcesBuildPhase section */
		DC0EDE1D20EFA82C00059DEE /* Resources */ = {
			isa = PBXResourcesBuildPhase;
			buildActionMask = 2147483647;
			files = (
				DC0EDE2D20EFA82C00059DEE /* LaunchScreen.storyboard in Resources */,
				DC0EDE2A20EFA82C00059DEE /* Assets.xcassets in Resources */,
				DC0EDE2820EFA82C00059DEE /* Main.storyboard in Resources */,
			);
			runOnlyForDeploymentPostprocessing = 0;
		};
/* End PBXResourcesBuildPhase section */

/* Begin PBXSourcesBuildPhase section */
		DC0EDE1B20EFA82C00059DEE /* Sources */ = {
			isa = PBXSourcesBuildPhase;
			buildActionMask = 2147483647;
			files = (
				DC0EDE2520EFA82C00059DEE /* ViewController.swift in Sources */,
				DC0EDE2320EFA82C00059DEE /* AppDelegate.swift in Sources */,
			);
			runOnlyForDeploymentPostprocessing = 0;
		};
/* End PBXSourcesBuildPhase section */

/* Begin PBXVariantGroup section */
		DC0EDE2620EFA82C00059DEE /* Main.storyboard */ = {
			isa = PBXVariantGroup;
			children = (
				DC0EDE2720EFA82C00059DEE /* Base */,
			);
			name = Main.storyboard;
			sourceTree = "<group>";
		};
		DC0EDE2B20EFA82C00059DEE /* LaunchScreen.storyboard */ = {
			isa = PBXVariantGroup;
			children = (
				DC0EDE2C20EFA82C00059DEE /* Base */,
			);
			name = LaunchScreen.storyboard;
			sourceTree = "<group>";
		};
/* End PBXVariantGroup section */

/* Begin XCBuildConfiguration section */
		DC0EDE2F20EFA82C00059DEE /* Debug */ = {
			isa = XCBuildConfiguration;
			buildSettings = {
				ALWAYS_SEARCH_USER_PATHS = NO;
				CLANG_ANALYZER_NONNULL = YES;
				CLANG_ANALYZER_NUMBER_OBJECT_CONVERSION = YES_AGGRESSIVE;
				CLANG_CXX_LANGUAGE_STANDARD = "gnu++14";
				CLANG_CXX_LIBRARY = "libc++";
				CLANG_ENABLE_MODULES = YES;
				CLANG_ENABLE_OBJC_ARC = YES;
				CLANG_WARN_BLOCK_CAPTURE_AUTORELEASING = YES;
				CLANG_WARN_BOOL_CONVERSION = YES;
				CLANG_WARN_COMMA = YES;
				CLANG_WARN_CONSTANT_CONVERSION = YES;
				CLANG_WARN_DIRECT_OBJC_ISA_USAGE = YES_ERROR;
				CLANG_WARN_DOCUMENTATION_COMMENTS = YES;
				CLANG_WARN_EMPTY_BODY = YES;
				CLANG_WARN_ENUM_CONVERSION = YES;
				CLANG_WARN_INFINITE_RECURSION = YES;
				CLANG_WARN_INT_CONVERSION = YES;
				CLANG_WARN_NON_LITERAL_NULL_CONVERSION = YES;
				CLANG_WARN_OBJC_LITERAL_CONVERSION = YES;
				CLANG_WARN_OBJC_ROOT_CLASS = YES_ERROR;
				CLANG_WARN_RANGE_LOOP_ANALYSIS = YES;
				CLANG_WARN_STRICT_PROTOTYPES = YES;
				CLANG_WARN_SUSPICIOUS_MOVE = YES;
				CLANG_WARN_UNGUARDED_AVAILABILITY = YES_AGGRESSIVE;
				CLANG_WARN_UNREACHABLE_CODE = YES;
				CLANG_WARN__DUPLICATE_METHOD_MATCH = YES;
				CODE_SIGN_IDENTITY = "iPhone Developer";
				COPY_PHASE_STRIP = NO;
				DEBUG_INFORMATION_FORMAT = dwarf;
				ENABLE_STRICT_OBJC_MSGSEND = YES;
				ENABLE_TESTABILITY = YES;
				GCC_C_LANGUAGE_STANDARD = gnu11;
				GCC_DYNAMIC_NO_PIC = NO;
				GCC_NO_COMMON_BLOCKS = YES;
				GCC_OPTIMIZATION_LEVEL = 0;
				GCC_PREPROCESSOR_DEFINITIONS = (
					"DEBUG=1",
					"$(inherited)",
				);
				GCC_WARN_64_TO_32_BIT_CONVERSION = YES;
				GCC_WARN_ABOUT_RETURN_TYPE = YES_ERROR;
				GCC_WARN_UNDECLARED_SELECTOR = YES;
				GCC_WARN_UNINITIALIZED_AUTOS = YES_AGGRESSIVE;
				GCC_WARN_UNUSED_FUNCTION = YES;
				GCC_WARN_UNUSED_VARIABLE = YES;
				IPHONEOS_DEPLOYMENT_TARGET = 11.2;
				MTL_ENABLE_DEBUG_INFO = YES;
				ONLY_ACTIVE_ARCH = YES;
				SDKROOT = iphoneos;
				SWIFT_ACTIVE_COMPILATION_CONDITIONS = DEBUG;
				SWIFT_OPTIMIZATION_LEVEL = "-Onone";
			};
			name = Debug;
		};
		DC0EDE3020EFA82C00059DEE /* Release */ = {
			isa = XCBuildConfiguration;
			buildSettings = {
				ALWAYS_SEARCH_USER_PATHS = NO;
				CLANG_ANALYZER_NONNULL = YES;
				CLANG_ANALYZER_NUMBER_OBJECT_CONVERSION = YES_AGGRESSIVE;
				CLANG_CXX_LANGUAGE_STANDARD = "gnu++14";
				CLANG_CXX_LIBRARY = "libc++";
				CLANG_ENABLE_MODULES = YES;
				CLANG_ENABLE_OBJC_ARC = YES;
				CLANG_WARN_BLOCK_CAPTURE_AUTORELEASING = YES;
				CLANG_WARN_BOOL_CONVERSION = YES;
				CLANG_WARN_COMMA = YES;
				CLANG_WARN_CONSTANT_CONVERSION = YES;
				CLANG_WARN_DIRECT_OBJC_ISA_USAGE = YES_ERROR;
				CLANG_WARN_DOCUMENTATION_COMMENTS = YES;
				CLANG_WARN_EMPTY_BODY = YES;
				CLANG_WARN_ENUM_CONVERSION = YES;
				CLANG_WARN_INFINITE_RECURSION = YES;
				CLANG_WARN_INT_CONVERSION = YES;
				CLANG_WARN_NON_LITERAL_NULL_CONVERSION = YES;
				CLANG_WARN_OBJC_LITERAL_CONVERSION = YES;
				CLANG_WARN_OBJC_ROOT_CLASS = YES_ERROR;
				CLANG_WARN_RANGE_LOOP_ANALYSIS = YES;
				CLANG_WARN_STRICT_PROTOTYPES = YES;
				CLANG_WARN_SUSPICIOUS_MOVE = YES;
				CLANG_WARN_UNGUARDED_AVAILABILITY = YES_AGGRESSIVE;
				CLANG_WARN_UNREACHABLE_CODE = YES;
				CLANG_WARN__DUPLICATE_METHOD_MATCH = YES;
				CODE_SIGN_IDENTITY = "iPhone Developer";
				COPY_PHASE_STRIP = NO;
				DEBUG_INFORMATION_FORMAT = "dwarf-with-dsym";
				ENABLE_NS_ASSERTIONS = NO;
				ENABLE_STRICT_OBJC_MSGSEND = YES;
				GCC_C_LANGUAGE_STANDARD = gnu11;
				GCC_NO_COMMON_BLOCKS = YES;
				GCC_WARN_64_TO_32_BIT_CONVERSION = YES;
				GCC_WARN_ABOUT_RETURN_TYPE = YES_ERROR;
				GCC_WARN_UNDECLARED_SELECTOR = YES;
				GCC_WARN_UNINITIALIZED_AUTOS = YES_AGGRESSIVE;
				GCC_WARN_UNUSED_FUNCTION = YES;
				GCC_WARN_UNUSED_VARIABLE = YES;
				IPHONEOS_DEPLOYMENT_TARGET = 11.2;
				MTL_ENABLE_DEBUG_INFO = NO;
				SDKROOT = iphoneos;
				SWIFT_OPTIMIZATION_LEVEL = "-Owholemodule";
				VALIDATE_PRODUCT = YES;
			};
			name = Release;
		};
		DC0EDE3220EFA82C00059DEE /* Debug */ = {
			isa = XCBuildConfiguration;
			buildSettings = {
				ASSETCATALOG_COMPILER_APPICON_NAME = AppIcon;
				CODE_SIGN_STYLE = Automatic;
				INFOPLIST_FILE = AsyncTaskPerformerDemo/Info.plist;
				LD_RUNPATH_SEARCH_PATHS = "$(inherited) @executable_path/Frameworks";
				PRODUCT_BUNDLE_IDENTIFIER = com.harlankellaway.AsyncTaskPerformerDemo;
				PRODUCT_NAME = "$(TARGET_NAME)";
				SWIFT_VERSION = 4.0;
				TARGETED_DEVICE_FAMILY = "1,2";
			};
			name = Debug;
		};
		DC0EDE3320EFA82C00059DEE /* Release */ = {
			isa = XCBuildConfiguration;
			buildSettings = {
				ASSETCATALOG_COMPILER_APPICON_NAME = AppIcon;
				CODE_SIGN_STYLE = Automatic;
				INFOPLIST_FILE = AsyncTaskPerformerDemo/Info.plist;
				LD_RUNPATH_SEARCH_PATHS = "$(inherited) @executable_path/Frameworks";
				PRODUCT_BUNDLE_IDENTIFIER = com.harlankellaway.AsyncTaskPerformerDemo;
				PRODUCT_NAME = "$(TARGET_NAME)";
				SWIFT_VERSION = 4.0;
				TARGETED_DEVICE_FAMILY = "1,2";
			};
			name = Release;
		};
/* End XCBuildConfiguration section */

/* Begin XCConfigurationList section */
		DC0EDE1A20EFA82C00059DEE /* Build configuration list for PBXProject "AsyncTaskPerformerDemo" */ = {
			isa = XCConfigurationList;
			buildConfigurations = (
				DC0EDE2F20EFA82C00059DEE /* Debug */,
				DC0EDE3020EFA82C00059DEE /* Release */,
			);
			defaultConfigurationIsVisible = 0;
			defaultConfigurationName = Release;
		};
		DC0EDE3120EFA82C00059DEE /* Build configuration list for PBXNativeTarget "AsyncTaskPerformerDemo" */ = {
			isa = XCConfigurationList;
			buildConfigurations = (
				DC0EDE3220EFA82C00059DEE /* Debug */,
				DC0EDE3320EFA82C00059DEE /* Release */,
			);
			defaultConfigurationIsVisible = 0;
			defaultConfigurationName = Release;
		};
/* End XCConfigurationList section */
	};
	rootObject = DC0EDE1720EFA82C00059DEE /* Project object */;
}
