PODS:
  - AsyncTaskPerformer (0.1.0):
    - AsyncTaskPerformer/Default (= 0.1.0)
  - AsyncTaskPerformer/Default (0.1.0):
    - AsyncTaskPerformer/DispatchGroup
    - AsyncTaskPerformer/OperationQueue
  - AsyncTaskPerformer/DispatchGroup (0.1.0)
  - AsyncTaskPerformer/OperationQueue (0.1.0)

DEPENDENCIES:
  - AsyncTaskPerformer (from `../`)

EXTERNAL SOURCES:
  AsyncTaskPerformer:
    :path: "../"

SPEC CHECKSUMS:
  AsyncTaskPerformer: 4800535c5d975f910b51c8844e0bc91a668a2f2b

PODFILE CHECKSUM: 4ba7b53f2d94d03601267eb6052d42022d766abc

COCOAPODS: 1.5.0
